{
  "name": "assets",
  "lockfileVersion": 2,
  "requires": true,
  "packages": {
    "": {
      "dependencies": {
        "alpinejs": "^3.10.3",
        "phoenix": "file:../deps/phoenix",
        "phoenix_html": "file:../deps/phoenix_html",
        "phoenix_live_view": "file:../deps/phoenix_live_view",
        "sortablejs": "^1.15.0",
        "spinkit": "^2.0.1",
        "topbar": "^1.0.1",
        "workbox-cacheable-response": "^6.5.4",
        "workbox-expiration": "^6.5.4",
        "workbox-routing": "^6.5.4",
        "workbox-strategies": "^6.5.4"
      }
    },
    "../deps/phoenix": {
      "version": "1.6.4",
      "license": "MIT"
    },
    "../deps/phoenix_html": {
      "version": "3.2.0"
    },
    "../deps/phoenix_live_view": {
      "version": "0.17.9",
      "license": "MIT"
    },
    "node_modules/@vue/reactivity": {
      "version": "3.1.5",
      "resolved": "https://registry.npmjs.org/@vue/reactivity/-/reactivity-3.1.5.tgz",
      "integrity": "sha512-1tdfLmNjWG6t/CsPldh+foumYFo3cpyCHgBYQ34ylaMsJ+SNHQ1kApMIa8jN+i593zQuaw3AdWH0nJTARzCFhg==",
      "dependencies": {
        "@vue/shared": "3.1.5"
      }
    },
    "node_modules/@vue/shared": {
      "version": "3.1.5",
      "resolved": "https://registry.npmjs.org/@vue/shared/-/shared-3.1.5.tgz",
      "integrity": "sha512-oJ4F3TnvpXaQwZJNF3ZK+kLPHKarDmJjJ6jyzVNDKH9md1dptjC7lWR//jrGuLdek/U6iltWxqAnYOu8gCiOvA=="
    },
    "node_modules/alpinejs": {
      "version": "3.10.3",
      "resolved": "https://registry.npmjs.org/alpinejs/-/alpinejs-3.10.3.tgz",
      "integrity": "sha512-nt/w4hLq9pPaexCsHmO5zV5Alvq4yu9n0Iclti6aV0HmiqLWH/axUb0pn8z3XVuVNcj8EOXOQw+WpwPzMzLBWg==",
      "dependencies": {
        "@vue/reactivity": "~3.1.1"
      }
    },
    "node_modules/idb": {
      "version": "7.0.2",
      "resolved": "https://registry.npmjs.org/idb/-/idb-7.0.2.tgz",
      "integrity": "sha512-jjKrT1EnyZewQ/gCBb/eyiYrhGzws2FeY92Yx8qT9S9GeQAmo4JFVIiWRIfKW/6Ob9A+UDAOW9j9jn58fy2HIg=="
    },
    "node_modules/phoenix": {
      "resolved": "../deps/phoenix",
      "link": true
    },
    "node_modules/phoenix_html": {
      "resolved": "../deps/phoenix_html",
      "link": true
    },
    "node_modules/phoenix_live_view": {
      "resolved": "../deps/phoenix_live_view",
      "link": true
    },
    "node_modules/sortablejs": {
      "version": "1.15.0",
      "resolved": "https://registry.npmjs.org/sortablejs/-/sortablejs-1.15.0.tgz",
      "integrity": "sha512-bv9qgVMjUMf89wAvM6AxVvS/4MX3sPeN0+agqShejLU5z5GX4C75ow1O2e5k4L6XItUyAK3gH6AxSbXrOM5e8w=="
    },
    "node_modules/spinkit": {
      "version": "2.0.1",
      "resolved": "https://registry.npmjs.org/spinkit/-/spinkit-2.0.1.tgz",
      "integrity": "sha512-oYBGY0GV1H1dX+ZdKnB6JVsYC1w/Xl20H111eb+WSS8nUYmlHgGb4y5buFSkzzceEeYYh5kMhXoAmoTpiQauiA=="
    },
    "node_modules/topbar": {
      "version": "1.0.1",
      "resolved": "https://registry.npmjs.org/topbar/-/topbar-1.0.1.tgz",
      "integrity": "sha512-HZqQSMBiG29vcjOrqKCM9iGY/h69G5gQH7ae83ZCPz5uPmbQKwK0sMEqzVDBiu64tWHJ+kk9NApECrF+FAAvRA=="
    },
    "node_modules/workbox-cacheable-response": {
      "version": "6.5.4",
      "resolved": "https://registry.npmjs.org/workbox-cacheable-response/-/workbox-cacheable-response-6.5.4.tgz",
      "integrity": "sha512-DCR9uD0Fqj8oB2TSWQEm1hbFs/85hXXoayVwFKLVuIuxwJaihBsLsp4y7J9bvZbqtPJ1KlCkmYVGQKrBU4KAug==",
      "dependencies": {
        "workbox-core": "6.5.4"
      }
    },
    "node_modules/workbox-core": {
      "version": "6.5.4",
      "resolved": "https://registry.npmjs.org/workbox-core/-/workbox-core-6.5.4.tgz",
      "integrity": "sha512-OXYb+m9wZm8GrORlV2vBbE5EC1FKu71GGp0H4rjmxmF4/HLbMCoTFws87M3dFwgpmg0v00K++PImpNQ6J5NQ6Q=="
    },
    "node_modules/workbox-expiration": {
      "version": "6.5.4",
      "resolved": "https://registry.npmjs.org/workbox-expiration/-/workbox-expiration-6.5.4.tgz",
      "integrity": "sha512-jUP5qPOpH1nXtjGGh1fRBa1wJL2QlIb5mGpct3NzepjGG2uFFBn4iiEBiI9GUmfAFR2ApuRhDydjcRmYXddiEQ==",
      "dependencies": {
        "idb": "^7.0.1",
        "workbox-core": "6.5.4"
      }
    },
    "node_modules/workbox-routing": {
      "version": "6.5.4",
      "resolved": "https://registry.npmjs.org/workbox-routing/-/workbox-routing-6.5.4.tgz",
      "integrity": "sha512-apQswLsbrrOsBUWtr9Lf80F+P1sHnQdYodRo32SjiByYi36IDyL2r7BH1lJtFX8fwNHDa1QOVY74WKLLS6o5Pg==",
      "dependencies": {
        "workbox-core": "6.5.4"
      }
    },
    "node_modules/workbox-strategies": {
      "version": "6.5.4",
      "resolved": "https://registry.npmjs.org/workbox-strategies/-/workbox-strategies-6.5.4.tgz",
      "integrity": "sha512-DEtsxhx0LIYWkJBTQolRxG4EI0setTJkqR4m7r4YpBdxtWJH1Mbg01Cj8ZjNOO8etqfA3IZaOPHUxCs8cBsKLw==",
      "dependencies": {
        "workbox-core": "6.5.4"
      }
    }
  },
  "dependencies": {
    "@vue/reactivity": {
      "version": "3.1.5",
      "resolved": "https://registry.npmjs.org/@vue/reactivity/-/reactivity-3.1.5.tgz",
      "integrity": "sha512-1tdfLmNjWG6t/CsPldh+foumYFo3cpyCHgBYQ34ylaMsJ+SNHQ1kApMIa8jN+i593zQuaw3AdWH0nJTARzCFhg==",
      "requires": {
        "@vue/shared": "3.1.5"
      }
    },
    "@vue/shared": {
      "version": "3.1.5",
      "resolved": "https://registry.npmjs.org/@vue/shared/-/shared-3.1.5.tgz",
      "integrity": "sha512-oJ4F3TnvpXaQwZJNF3ZK+kLPHKarDmJjJ6jyzVNDKH9md1dptjC7lWR//jrGuLdek/U6iltWxqAnYOu8gCiOvA=="
    },
    "alpinejs": {
      "version": "3.10.3",
      "resolved": "https://registry.npmjs.org/alpinejs/-/alpinejs-3.10.3.tgz",
      "integrity": "sha512-nt/w4hLq9pPaexCsHmO5zV5Alvq4yu9n0Iclti6aV0HmiqLWH/axUb0pn8z3XVuVNcj8EOXOQw+WpwPzMzLBWg==",
      "requires": {
        "@vue/reactivity": "~3.1.1"
      }
    },
    "idb": {
      "version": "7.0.2",
      "resolved": "https://registry.npmjs.org/idb/-/idb-7.0.2.tgz",
      "integrity": "sha512-jjKrT1EnyZewQ/gCBb/eyiYrhGzws2FeY92Yx8qT9S9GeQAmo4JFVIiWRIfKW/6Ob9A+UDAOW9j9jn58fy2HIg=="
    },
    "phoenix": {
      "version": "file:../deps/phoenix"
    },
    "phoenix_html": {
      "version": "file:../deps/phoenix_html"
    },
    "phoenix_live_view": {
      "version": "file:../deps/phoenix_live_view"
    },
    "sortablejs": {
      "version": "1.15.0",
      "resolved": "https://registry.npmjs.org/sortablejs/-/sortablejs-1.15.0.tgz",
      "integrity": "sha512-bv9qgVMjUMf89wAvM6AxVvS/4MX3sPeN0+agqShejLU5z5GX4C75ow1O2e5k4L6XItUyAK3gH6AxSbXrOM5e8w=="
    },
    "spinkit": {
      "version": "2.0.1",
      "resolved": "https://registry.npmjs.org/spinkit/-/spinkit-2.0.1.tgz",
      "integrity": "sha512-oYBGY0GV1H1dX+ZdKnB6JVsYC1w/Xl20H111eb+WSS8nUYmlHgGb4y5buFSkzzceEeYYh5kMhXoAmoTpiQauiA=="
    },
    "topbar": {
      "version": "1.0.1",
      "resolved": "https://registry.npmjs.org/topbar/-/topbar-1.0.1.tgz",
      "integrity": "sha512-HZqQSMBiG29vcjOrqKCM9iGY/h69G5gQH7ae83ZCPz5uPmbQKwK0sMEqzVDBiu64tWHJ+kk9NApECrF+FAAvRA=="
    },
    "workbox-cacheable-response": {
      "version": "6.5.4",
      "resolved": "https://registry.npmjs.org/workbox-cacheable-response/-/workbox-cacheable-response-6.5.4.tgz",
      "integrity": "sha512-DCR9uD0Fqj8oB2TSWQEm1hbFs/85hXXoayVwFKLVuIuxwJaihBsLsp4y7J9bvZbqtPJ1KlCkmYVGQKrBU4KAug==",
      "requires": {
        "workbox-core": "6.5.4"
      }
    },
    "workbox-core": {
      "version": "6.5.4",
      "resolved": "https://registry.npmjs.org/workbox-core/-/workbox-core-6.5.4.tgz",
      "integrity": "sha512-OXYb+m9wZm8GrORlV2vBbE5EC1FKu71GGp0H4rjmxmF4/HLbMCoTFws87M3dFwgpmg0v00K++PImpNQ6J5NQ6Q=="
    },
    "workbox-expiration": {
      "version": "6.5.4",
      "resolved": "https://registry.npmjs.org/workbox-expiration/-/workbox-expiration-6.5.4.tgz",
      "integrity": "sha512-jUP5qPOpH1nXtjGGh1fRBa1wJL2QlIb5mGpct3NzepjGG2uFFBn4iiEBiI9GUmfAFR2ApuRhDydjcRmYXddiEQ==",
      "requires": {
        "idb": "^7.0.1",
        "workbox-core": "6.5.4"
      }
    },
    "workbox-routing": {
      "version": "6.5.4",
      "resolved": "https://registry.npmjs.org/workbox-routing/-/workbox-routing-6.5.4.tgz",
      "integrity": "sha512-apQswLsbrrOsBUWtr9Lf80F+P1sHnQdYodRo32SjiByYi36IDyL2r7BH1lJtFX8fwNHDa1QOVY74WKLLS6o5Pg==",
      "requires": {
        "workbox-core": "6.5.4"
      }
    },
    "workbox-strategies": {
      "version": "6.5.4",
      "resolved": "https://registry.npmjs.org/workbox-strategies/-/workbox-strategies-6.5.4.tgz",
      "integrity": "sha512-DEtsxhx0LIYWkJBTQolRxG4EI0setTJkqR4m7r4YpBdxtWJH1Mbg01Cj8ZjNOO8etqfA3IZaOPHUxCs8cBsKLw==",
      "requires": {
        "workbox-core": "6.5.4"
      }
    }
  }
}
